
Microsoft Visual Studio Solution File, Format Version 12.00
# Visual Studio Version 16
VisualStudioVersion = 16.0.31624.102
MinimumVisualStudioVersion = 10.0.40219.1
Project("{FAE04EC0-301F-11D3-BF4B-00C04F79EFBC}") = "BugTracker", "BugTracker\BugTracker.csproj", "{0F6D82C4-A9E0-46C8-B0B0-D8E160162D6E}"
EndProject
Global
	GlobalSection(SolutionConfigurationPlatforms) = preSolution
		Debug|Any CPU = Debug|Any CPU
		Release|Any CPU = Release|Any CPU
	EndGlobalSection
	GlobalSection(ProjectConfigurationPlatforms) = postSolution
		{0F6D82C4-A9E0-46C8-B0B0-D8E160162D6E}.Debug|Any CPU.ActiveCfg = Debug|Any CPU
		{0F6D82C4-A9E0-46C8-B0B0-D8E160162D6E}.Debug|Any CPU.Build.0 = Debug|Any CPU
		{0F6D82C4-A9E0-46C8-B0B0-D8E160162D6E}.Release|Any CPU.ActiveCfg = Release|Any CPU
		{0F6D82C4-A9E0-46C8-B0B0-D8E160162D6E}.Release|Any CPU.Build.0 = Release|Any CPU
	EndGlobalSection
	GlobalSection(SolutionProperties) = preSolution
		HideSolutionNode = FALSE
	EndGlobalSection
	GlobalSection(ExtensibilityGlobals) = postSolution
		SolutionGuid = {1EBC4671-9AD2-4EF2-AE6E-7746C8CAF65F}
	EndGlobalSection
EndGlobal
